
Microsoft Visual Studio Solution File, Format Version 12.00
# Visual Studio Version 16
VisualStudioVersion = 16.0.29509.3
MinimumVisualStudioVersion = 10.0.40219.1
Project("{888888A0-9F3D-457C-B088-3A5042F75D52}") = "1-3", "1-3.pyproj", "{E1652808-CFF2-4352-880F-014F3647D2A9}"
EndProject
Global
	GlobalSection(SolutionConfigurationPlatforms) = preSolution
		Debug|Any CPU = Debug|Any CPU
		Release|Any CPU = Release|Any CPU
	EndGlobalSection
	GlobalSection(ProjectConfigurationPlatforms) = postSolution
		{E1652808-CFF2-4352-880F-014F3647D2A9}.Debug|Any CPU.ActiveCfg = Debug|Any CPU
		{E1652808-CFF2-4352-880F-014F3647D2A9}.Release|Any CPU.ActiveCfg = Release|Any CPU
	EndGlobalSection
	GlobalSection(SolutionProperties) = preSolution
		HideSolutionNode = FALSE
	EndGlobalSection
	GlobalSection(ExtensibilityGlobals) = postSolution
		SolutionGuid = {D2D5A8D9-7D7A-4435-97DF-26AC9B8373D1}
	EndGlobalSection
EndGlobal
